// !$*UTF8*$!
{
	archiveVersion = 1;
	classes = {
	};
	objectVersion = 46;
	objects = {

/* Begin PBXBuildFile section */
		1A3806AD1BC73917003F8492 /* DynamoDB.h in Headers */ = {isa = PBXBuildFile; fileRef = 1A3806AC1BC73917003F8492 /* DynamoDB.h */; settings = {ATTRIBUTES = (Public, ); }; };
		1A3806B41BC73917003F8492 /* DynamoDB.framework in Frameworks */ = {isa = PBXBuildFile; fileRef = 1A3806A91BC73917003F8492 /* DynamoDB.framework */; settings = {ASSET_TAGS = (); }; };
		1A3806B91BC73917003F8492 /* DynamoDBTests.swift in Sources */ = {isa = PBXBuildFile; fileRef = 1A3806B81BC73917003F8492 /* DynamoDBTests.swift */; };
		1A3806C41BC73ADC003F8492 /* DynamoDB.swift in Sources */ = {isa = PBXBuildFile; fileRef = 1A3806C31BC73ADC003F8492 /* DynamoDB.swift */; settings = {ASSET_TAGS = (); }; };
		1A3806C61BC73CA9003F8492 /* Settings.swift in Sources */ = {isa = PBXBuildFile; fileRef = 1A3806C51BC73CA9003F8492 /* Settings.swift */; settings = {ASSET_TAGS = (); }; };
		1A3806C81BC740D1003F8492 /* Table.swift in Sources */ = {isa = PBXBuildFile; fileRef = 1A3806C71BC740D1003F8492 /* Table.swift */; settings = {ASSET_TAGS = (); }; };
		1A3806CA1BC742F7003F8492 /* CreateTable.swift in Sources */ = {isa = PBXBuildFile; fileRef = 1A3806C91BC742F7003F8492 /* CreateTable.swift */; settings = {ASSET_TAGS = (); }; };
		1A3806CE1BC74458003F8492 /* AttributeDefinition.swift in Sources */ = {isa = PBXBuildFile; fileRef = 1A3806CD1BC74458003F8492 /* AttributeDefinition.swift */; settings = {ASSET_TAGS = (); }; };
		1A3806D01BC74707003F8492 /* TableDescription.swift in Sources */ = {isa = PBXBuildFile; fileRef = 1A3806CF1BC74707003F8492 /* TableDescription.swift */; settings = {ASSET_TAGS = (); }; };
		1A3806D21BC74B8C003F8492 /* AttributeValue.swift in Sources */ = {isa = PBXBuildFile; fileRef = 1A3806D11BC74B8C003F8492 /* AttributeValue.swift */; settings = {ASSET_TAGS = (); }; };
		1A3806D41BC74DA7003F8492 /* AttributeValueUpdate.swift in Sources */ = {isa = PBXBuildFile; fileRef = 1A3806D31BC74DA7003F8492 /* AttributeValueUpdate.swift */; settings = {ASSET_TAGS = (); }; };
/* End PBXBuildFile section */

/* Begin PBXContainerItemProxy section */
		1A3806B51BC73917003F8492 /* PBXContainerItemProxy */ = {
			isa = PBXContainerItemProxy;
			containerPortal = 1A3806A01BC73917003F8492 /* Project object */;
			proxyType = 1;
			remoteGlobalIDString = 1A3806A81BC73917003F8492;
			remoteInfo = DynamoDB;
		};
/* End PBXContainerItemProxy section */

/* Begin PBXFileReference section */
		1A3806A91BC73917003F8492 /* DynamoDB.framework */ = {isa = PBXFileReference; explicitFileType = wrapper.framework; includeInIndex = 0; path = DynamoDB.framework; sourceTree = BUILT_PRODUCTS_DIR; };
		1A3806AC1BC73917003F8492 /* DynamoDB.h */ = {isa = PBXFileReference; lastKnownFileType = sourcecode.c.h; path = DynamoDB.h; sourceTree = "<group>"; };
		1A3806AE1BC73917003F8492 /* Info.plist */ = {isa = PBXFileReference; lastKnownFileType = text.plist.xml; path = Info.plist; sourceTree = "<group>"; };
		1A3806B31BC73917003F8492 /* DynamoDBTests.xctest */ = {isa = PBXFileReference; explicitFileType = wrapper.cfbundle; includeInIndex = 0; path = DynamoDBTests.xctest; sourceTree = BUILT_PRODUCTS_DIR; };
		1A3806B81BC73917003F8492 /* DynamoDBTests.swift */ = {isa = PBXFileReference; lastKnownFileType = sourcecode.swift; path = DynamoDBTests.swift; sourceTree = "<group>"; };
		1A3806BA1BC73917003F8492 /* Info.plist */ = {isa = PBXFileReference; lastKnownFileType = text.plist.xml; path = Info.plist; sourceTree = "<group>"; };
		1A3806C31BC73ADC003F8492 /* DynamoDB.swift */ = {isa = PBXFileReference; fileEncoding = 4; lastKnownFileType = sourcecode.swift; path = DynamoDB.swift; sourceTree = "<group>"; };
		1A3806C51BC73CA9003F8492 /* Settings.swift */ = {isa = PBXFileReference; fileEncoding = 4; lastKnownFileType = sourcecode.swift; path = Settings.swift; sourceTree = "<group>"; };
		1A3806C71BC740D1003F8492 /* Table.swift */ = {isa = PBXFileReference; fileEncoding = 4; lastKnownFileType = sourcecode.swift; path = Table.swift; sourceTree = "<group>"; };
		1A3806C91BC742F7003F8492 /* CreateTable.swift */ = {isa = PBXFileReference; fileEncoding = 4; lastKnownFileType = sourcecode.swift; path = CreateTable.swift; sourceTree = "<group>"; };
		1A3806CD1BC74458003F8492 /* AttributeDefinition.swift */ = {isa = PBXFileReference; fileEncoding = 4; lastKnownFileType = sourcecode.swift; path = AttributeDefinition.swift; sourceTree = "<group>"; };
		1A3806CF1BC74707003F8492 /* TableDescription.swift */ = {isa = PBXFileReference; fileEncoding = 4; lastKnownFileType = sourcecode.swift; path = TableDescription.swift; sourceTree = "<group>"; };
		1A3806D11BC74B8C003F8492 /* AttributeValue.swift */ = {isa = PBXFileReference; fileEncoding = 4; lastKnownFileType = sourcecode.swift; path = AttributeValue.swift; sourceTree = "<group>"; };
		1A3806D31BC74DA7003F8492 /* AttributeValueUpdate.swift */ = {isa = PBXFileReference; fileEncoding = 4; lastKnownFileType = sourcecode.swift; path = AttributeValueUpdate.swift; sourceTree = "<group>"; };
/* End PBXFileReference section */

/* Begin PBXFrameworksBuildPhase section */
		1A3806A51BC73917003F8492 /* Frameworks */ = {
			isa = PBXFrameworksBuildPhase;
			buildActionMask = 2147483647;
			files = (
			);
			runOnlyForDeploymentPostprocessing = 0;
		};
		1A3806B01BC73917003F8492 /* Frameworks */ = {
			isa = PBXFrameworksBuildPhase;
			buildActionMask = 2147483647;
			files = (
				1A3806B41BC73917003F8492 /* DynamoDB.framework in Frameworks */,
			);
			runOnlyForDeploymentPostprocessing = 0;
		};
/* End PBXFrameworksBuildPhase section */

/* Begin PBXGroup section */
		1A38069F1BC73917003F8492 = {
			isa = PBXGroup;
			children = (
				1A3806AB1BC73917003F8492 /* DynamoDB */,
				1A3806B71BC73917003F8492 /* DynamoDBTests */,
				1A3806AA1BC73917003F8492 /* Products */,
			);
			sourceTree = "<group>";
		};
		1A3806AA1BC73917003F8492 /* Products */ = {
			isa = PBXGroup;
			children = (
				1A3806A91BC73917003F8492 /* DynamoDB.framework */,
				1A3806B31BC73917003F8492 /* DynamoDBTests.xctest */,
			);
			name = Products;
			sourceTree = "<group>";
		};
		1A3806AB1BC73917003F8492 /* DynamoDB */ = {
			isa = PBXGroup;
			children = (
				1A3806AC1BC73917003F8492 /* DynamoDB.h */,
				1A3806C31BC73ADC003F8492 /* DynamoDB.swift */,
				1A3806C51BC73CA9003F8492 /* Settings.swift */,
				1A3806C71BC740D1003F8492 /* Table.swift */,
				1A3806CC1BC743C2003F8492 /* Data Types */,
				1A3806CB1BC743AF003F8492 /* Actions */,
				1A3806AE1BC73917003F8492 /* Info.plist */,
			);
			path = DynamoDB;
			sourceTree = "<group>";
		};
		1A3806B71BC73917003F8492 /* DynamoDBTests */ = {
			isa = PBXGroup;
			children = (
				1A3806B81BC73917003F8492 /* DynamoDBTests.swift */,
				1A3806BA1BC73917003F8492 /* Info.plist */,
			);
			path = DynamoDBTests;
			sourceTree = "<group>";
		};
		1A3806CB1BC743AF003F8492 /* Actions */ = {
			isa = PBXGroup;
			children = (
				1A3806C91BC742F7003F8492 /* CreateTable.swift */,
			);
			name = Actions;
			sourceTree = "<group>";
		};
		1A3806CC1BC743C2003F8492 /* Data Types */ = {
			isa = PBXGroup;
			children = (
				1A3806CD1BC74458003F8492 /* AttributeDefinition.swift */,
				1A3806D11BC74B8C003F8492 /* AttributeValue.swift */,
				1A3806D31BC74DA7003F8492 /* AttributeValueUpdate.swift */,
				1A3806CF1BC74707003F8492 /* TableDescription.swift */,
			);
			name = "Data Types";
			sourceTree = "<group>";
		};
/* End PBXGroup section */

/* Begin PBXHeadersBuildPhase section */
		1A3806A61BC73917003F8492 /* Headers */ = {
			isa = PBXHeadersBuildPhase;
			buildActionMask = 2147483647;
			files = (
				1A3806AD1BC73917003F8492 /* DynamoDB.h in Headers */,
			);
			runOnlyForDeploymentPostprocessing = 0;
		};
/* End PBXHeadersBuildPhase section */

/* Begin PBXNativeTarget section */
		1A3806A81BC73917003F8492 /* DynamoDB */ = {
			isa = PBXNativeTarget;
			buildConfigurationList = 1A3806BD1BC73917003F8492 /* Build configuration list for PBXNativeTarget "DynamoDB" */;
			buildPhases = (
				1A3806A41BC73917003F8492 /* Sources */,
				1A3806A51BC73917003F8492 /* Frameworks */,
				1A3806A61BC73917003F8492 /* Headers */,
				1A3806A71BC73917003F8492 /* Resources */,
			);
			buildRules = (
			);
			dependencies = (
			);
			name = DynamoDB;
			productName = DynamoDB;
			productReference = 1A3806A91BC73917003F8492 /* DynamoDB.framework */;
			productType = "com.apple.product-type.framework";
		};
		1A3806B21BC73917003F8492 /* DynamoDBTests */ = {
			isa = PBXNativeTarget;
			buildConfigurationList = 1A3806C01BC73917003F8492 /* Build configuration list for PBXNativeTarget "DynamoDBTests" */;
			buildPhases = (
				1A3806AF1BC73917003F8492 /* Sources */,
				1A3806B01BC73917003F8492 /* Frameworks */,
				1A3806B11BC73917003F8492 /* Resources */,
			);
			buildRules = (
			);
			dependencies = (
				1A3806B61BC73917003F8492 /* PBXTargetDependency */,
			);
			name = DynamoDBTests;
			productName = DynamoDBTests;
			productReference = 1A3806B31BC73917003F8492 /* DynamoDBTests.xctest */;
			productType = "com.apple.product-type.bundle.unit-test";
		};
/* End PBXNativeTarget section */

/* Begin PBXProject section */
		1A3806A01BC73917003F8492 /* Project object */ = {
			isa = PBXProject;
			attributes = {
				LastSwiftUpdateCheck = 0700;
				LastUpgradeCheck = 0700;
				ORGANIZATIONNAME = ColemanCDA;
				TargetAttributes = {
					1A3806A81BC73917003F8492 = {
						CreatedOnToolsVersion = 7.0.1;
					};
					1A3806B21BC73917003F8492 = {
						CreatedOnToolsVersion = 7.0.1;
					};
				};
			};
			buildConfigurationList = 1A3806A31BC73917003F8492 /* Build configuration list for PBXProject "DynamoDB" */;
			compatibilityVersion = "Xcode 3.2";
			developmentRegion = English;
			hasScannedForEncodings = 0;
			knownRegions = (
				en,
			);
			mainGroup = 1A38069F1BC73917003F8492;
			productRefGroup = 1A3806AA1BC73917003F8492 /* Products */;
			projectDirPath = "";
			projectRoot = "";
			targets = (
				1A3806A81BC73917003F8492 /* DynamoDB */,
				1A3806B21BC73917003F8492 /* DynamoDBTests */,
			);
		};
/* End PBXProject section */

/* Begin PBXResourcesBuildPhase section */
		1A3806A71BC73917003F8492 /* Resources */ = {
			isa = PBXResourcesBuildPhase;
			buildActionMask = 2147483647;
			files = (
			);
			runOnlyForDeploymentPostprocessing = 0;
		};
		1A3806B11BC73917003F8492 /* Resources */ = {
			isa = PBXResourcesBuildPhase;
			buildActionMask = 2147483647;
			files = (
			);
			runOnlyForDeploymentPostprocessing = 0;
		};
/* End PBXResourcesBuildPhase section */

/* Begin PBXSourcesBuildPhase section */
		1A3806A41BC73917003F8492 /* Sources */ = {
			isa = PBXSourcesBuildPhase;
			buildActionMask = 2147483647;
			files = (
				1A3806CA1BC742F7003F8492 /* CreateTable.swift in Sources */,
				1A3806D41BC74DA7003F8492 /* AttributeValueUpdate.swift in Sources */,
				1A3806D21BC74B8C003F8492 /* AttributeValue.swift in Sources */,
				1A3806D01BC74707003F8492 /* TableDescription.swift in Sources */,
				1A3806C81BC740D1003F8492 /* Table.swift in Sources */,
				1A3806CE1BC74458003F8492 /* AttributeDefinition.swift in Sources */,
				1A3806C61BC73CA9003F8492 /* Settings.swift in Sources */,
				1A3806C41BC73ADC003F8492 /* DynamoDB.swift in Sources */,
			);
			runOnlyForDeploymentPostprocessing = 0;
		};
		1A3806AF1BC73917003F8492 /* Sources */ = {
			isa = PBXSourcesBuildPhase;
			buildActionMask = 2147483647;
			files = (
				1A3806B91BC73917003F8492 /* DynamoDBTests.swift in Sources */,
			);
			runOnlyForDeploymentPostprocessing = 0;
		};
/* End PBXSourcesBuildPhase section */

/* Begin PBXTargetDependency section */
		1A3806B61BC73917003F8492 /* PBXTargetDependency */ = {
			isa = PBXTargetDependency;
			target = 1A3806A81BC73917003F8492 /* DynamoDB */;
			targetProxy = 1A3806B51BC73917003F8492 /* PBXContainerItemProxy */;
		};
/* End PBXTargetDependency section */

/* Begin XCBuildConfiguration section */
		1A3806BB1BC73917003F8492 /* Debug */ = {
			isa = XCBuildConfiguration;
			buildSettings = {
				ALWAYS_SEARCH_USER_PATHS = NO;
				CLANG_CXX_LANGUAGE_STANDARD = "gnu++0x";
				CLANG_CXX_LIBRARY = "libc++";
				CLANG_ENABLE_MODULES = YES;
				CLANG_ENABLE_OBJC_ARC = YES;
				CLANG_WARN_BOOL_CONVERSION = YES;
				CLANG_WARN_CONSTANT_CONVERSION = YES;
				CLANG_WARN_DIRECT_OBJC_ISA_USAGE = YES_ERROR;
				CLANG_WARN_EMPTY_BODY = YES;
				CLANG_WARN_ENUM_CONVERSION = YES;
				CLANG_WARN_INT_CONVERSION = YES;
				CLANG_WARN_OBJC_ROOT_CLASS = YES_ERROR;
				CLANG_WARN_UNREACHABLE_CODE = YES;
				CLANG_WARN__DUPLICATE_METHOD_MATCH = YES;
				COPY_PHASE_STRIP = NO;
				CURRENT_PROJECT_VERSION = 1;
				DEBUG_INFORMATION_FORMAT = dwarf;
				ENABLE_STRICT_OBJC_MSGSEND = YES;
				ENABLE_TESTABILITY = YES;
				FRAMEWORK_SEARCH_PATHS = $SRCROOT/../Carthage/Build/Mac;
				GCC_C_LANGUAGE_STANDARD = gnu99;
				GCC_DYNAMIC_NO_PIC = NO;
				GCC_NO_COMMON_BLOCKS = YES;
				GCC_OPTIMIZATION_LEVEL = 0;
				GCC_PREPROCESSOR_DEFINITIONS = (
					"DEBUG=1",
					"$(inherited)",
				);
				GCC_WARN_64_TO_32_BIT_CONVERSION = YES;
				GCC_WARN_ABOUT_RETURN_TYPE = YES_ERROR;
				GCC_WARN_UNDECLARED_SELECTOR = YES;
				GCC_WARN_UNINITIALIZED_AUTOS = YES_AGGRESSIVE;
				GCC_WARN_UNUSED_FUNCTION = YES;
				GCC_WARN_UNUSED_VARIABLE = YES;
				MACOSX_DEPLOYMENT_TARGET = 10.9;
				MTL_ENABLE_DEBUG_INFO = YES;
				ONLY_ACTIVE_ARCH = YES;
				SDKROOT = macosx;
				SWIFT_OPTIMIZATION_LEVEL = "-Onone";
				VERSIONING_SYSTEM = "apple-generic";
				VERSION_INFO_PREFIX = "";
			};
			name = Debug;
		};
		1A3806BC1BC73917003F8492 /* Release */ = {
			isa = XCBuildConfiguration;
			buildSettings = {
				ALWAYS_SEARCH_USER_PATHS = NO;
				CLANG_CXX_LANGUAGE_STANDARD = "gnu++0x";
				CLANG_CXX_LIBRARY = "libc++";
				CLANG_ENABLE_MODULES = YES;
				CLANG_ENABLE_OBJC_ARC = YES;
				CLANG_WARN_BOOL_CONVERSION = YES;
				CLANG_WARN_CONSTANT_CONVERSION = YES;
				CLANG_WARN_DIRECT_OBJC_ISA_USAGE = YES_ERROR;
				CLANG_WARN_EMPTY_BODY = YES;
				CLANG_WARN_ENUM_CONVERSION = YES;
				CLANG_WARN_INT_CONVERSION = YES;
				CLANG_WARN_OBJC_ROOT_CLASS = YES_ERROR;
				CLANG_WARN_UNREACHABLE_CODE = YES;
				CLANG_WARN__DUPLICATE_METHOD_MATCH = YES;
				COPY_PHASE_STRIP = NO;
				CURRENT_PROJECT_VERSION = 1;
				DEBUG_INFORMATION_FORMAT = "dwarf-with-dsym";
				ENABLE_NS_ASSERTIONS = NO;
				ENABLE_STRICT_OBJC_MSGSEND = YES;
				FRAMEWORK_SEARCH_PATHS = $SRCROOT/../Carthage/Build/Mac;
				GCC_C_LANGUAGE_STANDARD = gnu99;
				GCC_NO_COMMON_BLOCKS = YES;
				GCC_OPTIMIZATION_LEVEL = fast;
				GCC_WARN_64_TO_32_BIT_CONVERSION = YES;
				GCC_WARN_ABOUT_RETURN_TYPE = YES_ERROR;
				GCC_WARN_UNDECLARED_SELECTOR = YES;
				GCC_WARN_UNINITIALIZED_AUTOS = YES_AGGRESSIVE;
				GCC_WARN_UNUSED_FUNCTION = YES;
				GCC_WARN_UNUSED_VARIABLE = YES;
				MACOSX_DEPLOYMENT_TARGET = 10.9;
				MTL_ENABLE_DEBUG_INFO = NO;
				SDKROOT = macosx;
				SWIFT_OPTIMIZATION_LEVEL = "-Owholemodule";
				VERSIONING_SYSTEM = "apple-generic";
				VERSION_INFO_PREFIX = "";
			};
			name = Release;
		};
		1A3806BE1BC73917003F8492 /* Debug */ = {
			isa = XCBuildConfiguration;
			buildSettings = {
				CLANG_ENABLE_MODULES = YES;
				COMBINE_HIDPI_IMAGES = YES;
				DEFINES_MODULE = YES;
				DYLIB_COMPATIBILITY_VERSION = 1;
				DYLIB_CURRENT_VERSION = 1;
				DYLIB_INSTALL_NAME_BASE = "@rpath";
				FRAMEWORK_VERSION = A;
				INFOPLIST_FILE = DynamoDB/Info.plist;
				INSTALL_PATH = "$(LOCAL_LIBRARY_DIR)/Frameworks";
				LD_RUNPATH_SEARCH_PATHS = "$(inherited) @executable_path/../Frameworks @loader_path/Frameworks";
				PRODUCT_BUNDLE_IDENTIFIER = com.colemancda.DynamoDB;
				PRODUCT_NAME = "$(TARGET_NAME)";
				SKIP_INSTALL = YES;
				SWIFT_OPTIMIZATION_LEVEL = "-Onone";
			};
			name = Debug;
		};
		1A3806BF1BC73917003F8492 /* Release */ = {
			isa = XCBuildConfiguration;
			buildSettings = {
				CLANG_ENABLE_MODULES = YES;
				COMBINE_HIDPI_IMAGES = YES;
				DEFINES_MODULE = YES;
				DYLIB_COMPATIBILITY_VERSION = 1;
				DYLIB_CURRENT_VERSION = 1;
				DYLIB_INSTALL_NAME_BASE = "@rpath";
				FRAMEWORK_VERSION = A;
				INFOPLIST_FILE = DynamoDB/Info.plist;
				INSTALL_PATH = "$(LOCAL_LIBRARY_DIR)/Frameworks";
				LD_RUNPATH_SEARCH_PATHS = "$(inherited) @executable_path/../Frameworks @loader_path/Frameworks";
				PRODUCT_BUNDLE_IDENTIFIER = com.colemancda.DynamoDB;
				PRODUCT_NAME = "$(TARGET_NAME)";
				SKIP_INSTALL = YES;
			};
			name = Release;
		};
		1A3806C11BC73917003F8492 /* Debug */ = {
			isa = XCBuildConfiguration;
			buildSettings = {
				COMBINE_HIDPI_IMAGES = YES;
				INFOPLIST_FILE = DynamoDBTests/Info.plist;
				LD_RUNPATH_SEARCH_PATHS = "$(inherited) @executable_path/../Frameworks @loader_path/../Frameworks";
				PRODUCT_BUNDLE_IDENTIFIER = com.colemancda.DynamoDBTests;
				PRODUCT_NAME = "$(TARGET_NAME)";
			};
			name = Debug;
		};
		1A3806C21BC73917003F8492 /* Release */ = {
			isa = XCBuildConfiguration;
			buildSettings = {
				COMBINE_HIDPI_IMAGES = YES;
				INFOPLIST_FILE = DynamoDBTests/Info.plist;
				LD_RUNPATH_SEARCH_PATHS = "$(inherited) @executable_path/../Frameworks @loader_path/../Frameworks";
				PRODUCT_BUNDLE_IDENTIFIER = com.colemancda.DynamoDBTests;
				PRODUCT_NAME = "$(TARGET_NAME)";
			};
			name = Release;
		};
/* End XCBuildConfiguration section */

/* Begin XCConfigurationList section */
		1A3806A31BC73917003F8492 /* Build configuration list for PBXProject "DynamoDB" */ = {
			isa = XCConfigurationList;
			buildConfigurations = (
				1A3806BB1BC73917003F8492 /* Debug */,
				1A3806BC1BC73917003F8492 /* Release */,
			);
			defaultConfigurationIsVisible = 0;
			defaultConfigurationName = Release;
		};
		1A3806BD1BC73917003F8492 /* Build configuration list for PBXNativeTarget "DynamoDB" */ = {
			isa = XCConfigurationList;
			buildConfigurations = (
				1A3806BE1BC73917003F8492 /* Debug */,
				1A3806BF1BC73917003F8492 /* Release */,
			);
			defaultConfigurationIsVisible = 0;
		};
		1A3806C01BC73917003F8492 /* Build configuration list for PBXNativeTarget "DynamoDBTests" */ = {
			isa = XCConfigurationList;
			buildConfigurations = (
				1A3806C11BC73917003F8492 /* Debug */,
				1A3806C21BC73917003F8492 /* Release */,
			);
			defaultConfigurationIsVisible = 0;
		};
/* End XCConfigurationList section */
	};
	rootObject = 1A3806A01BC73917003F8492 /* Project object */;
}
